{
  "nodes": {
    "flake-parts": {
      "inputs": {
        "nixpkgs-lib": [
          "nixpkgs"
        ]
      },
      "locked": {
        "lastModified": 1671710971,
        "narHash": "sha256-YZdt5IJrfsdUTtVB94EMsBvaJbK9ve6QaZyzRuup+sY=",
        "owner": "hercules-ci",
        "repo": "flake-parts",
        "rev": "98bec08c58a9547d705f2f5e300ac8eef6665e52",
        "type": "github"
      },
      "original": {
        "owner": "hercules-ci",
        "repo": "flake-parts",
        "type": "github"
      }
    },
    "nixpkgs": {
      "locked": {
        "lastModified": 1671877799,
        "narHash": "sha256-jjC0NtPOT4huSwyichdrKHVCjuGr1al7Wu6PcHo5XZs=",
        "owner": "NixOS",
        "repo": "nixpkgs",
        "rev": "8351f271f85dae1ee28269028acde661e60394dd",
        "type": "github"
      },
      "original": {
        "owner": "NixOS",
        "ref": "nixpkgs-unstable",
        "repo": "nixpkgs",
        "type": "github"
      }
    },
    "root": {
      "inputs": {
        "flake-parts": "flake-parts",
        "nixpkgs": "nixpkgs"
      }
    }
  },
  "root": "root",
  "version": 7
}
